
Microsoft Visual Studio Solution File, Format Version 12.00
# Visual Studio 14
VisualStudioVersion = 14.0.23107.0
MinimumVisualStudioVersion = 10.0.40219.1
Project("{FAE04EC0-301F-11D3-BF4B-00C04F79EFBC}") = "JackyFinalProject", "JackyFinalProject\JackyFinalProject.csproj", "{548ED7AD-77D4-4691-99C5-03564AB9F5FD}"
EndProject
Global
	GlobalSection(SolutionConfigurationPlatforms) = preSolution
		Debug|Any CPU = Debug|Any CPU
		Release|Any CPU = Release|Any CPU
	EndGlobalSection
	GlobalSection(ProjectConfigurationPlatforms) = postSolution
		{548ED7AD-77D4-4691-99C5-03564AB9F5FD}.Debug|Any CPU.ActiveCfg = Debug|Any CPU
		{548ED7AD-77D4-4691-99C5-03564AB9F5FD}.Debug|Any CPU.Build.0 = Debug|Any CPU
		{548ED7AD-77D4-4691-99C5-03564AB9F5FD}.Release|Any CPU.ActiveCfg = Release|Any CPU
		{548ED7AD-77D4-4691-99C5-03564AB9F5FD}.Release|Any CPU.Build.0 = Release|Any CPU
	EndGlobalSection
	GlobalSection(SolutionProperties) = preSolution
		HideSolutionNode = FALSE
	EndGlobalSection
EndGlobal
